
Microsoft Visual Studio Solution File, Format Version 12.00
# Visual Studio Version 16
VisualStudioVersion = 16.0.28729.10
MinimumVisualStudioVersion = 10.0.40219.1
Project("{FAE04EC0-301F-11D3-BF4B-00C04F79EFBC}") = "ProductosAppM1", "ProductosAppM1\ProductosAppM1.csproj", "{4E55FBDC-AAB6-4DBF-B3AE-F700E5F51BDE}"
EndProject
Project("{FAE04EC0-301F-11D3-BF4B-00C04F79EFBC}") = "Domain", "Domain\Domain.csproj", "{9E42E8A9-B75F-400F-8F23-01F3D32F98EE}"
EndProject
Project("{FAE04EC0-301F-11D3-BF4B-00C04F79EFBC}") = "Infraestructura", "Infraestructura\Infraestructura.csproj", "{7EDD207C-344D-481E-805A-8F2E34548437}"
EndProject
Global
	GlobalSection(SolutionConfigurationPlatforms) = preSolution
		Debug|Any CPU = Debug|Any CPU
		Release|Any CPU = Release|Any CPU
	EndGlobalSection
	GlobalSection(ProjectConfigurationPlatforms) = postSolution
		{4E55FBDC-AAB6-4DBF-B3AE-F700E5F51BDE}.Debug|Any CPU.ActiveCfg = Debug|Any CPU
		{4E55FBDC-AAB6-4DBF-B3AE-F700E5F51BDE}.Debug|Any CPU.Build.0 = Debug|Any CPU
		{4E55FBDC-AAB6-4DBF-B3AE-F700E5F51BDE}.Release|Any CPU.ActiveCfg = Release|Any CPU
		{4E55FBDC-AAB6-4DBF-B3AE-F700E5F51BDE}.Release|Any CPU.Build.0 = Release|Any CPU
		{9E42E8A9-B75F-400F-8F23-01F3D32F98EE}.Debug|Any CPU.ActiveCfg = Debug|Any CPU
		{9E42E8A9-B75F-400F-8F23-01F3D32F98EE}.Debug|Any CPU.Build.0 = Debug|Any CPU
		{9E42E8A9-B75F-400F-8F23-01F3D32F98EE}.Release|Any CPU.ActiveCfg = Release|Any CPU
		{9E42E8A9-B75F-400F-8F23-01F3D32F98EE}.Release|Any CPU.Build.0 = Release|Any CPU
		{7EDD207C-344D-481E-805A-8F2E34548437}.Debug|Any CPU.ActiveCfg = Debug|Any CPU
		{7EDD207C-344D-481E-805A-8F2E34548437}.Debug|Any CPU.Build.0 = Debug|Any CPU
		{7EDD207C-344D-481E-805A-8F2E34548437}.Release|Any CPU.ActiveCfg = Release|Any CPU
		{7EDD207C-344D-481E-805A-8F2E34548437}.Release|Any CPU.Build.0 = Release|Any CPU
	EndGlobalSection
	GlobalSection(SolutionProperties) = preSolution
		HideSolutionNode = FALSE
	EndGlobalSection
	GlobalSection(ExtensibilityGlobals) = postSolution
		SolutionGuid = {21C4599C-D7F6-4E43-B9A8-EEC02927293B}
	EndGlobalSection
EndGlobal
